{
  "requires": true,
  "lockfileVersion": 1,
  "dependencies": {
    "classnames": {
      "version": "2.2.6",
      "resolved": "https://registry.npmjs.org/classnames/-/classnames-2.2.6.tgz",
      "integrity": "sha512-JR/iSQOSt+LQIWwrwEzJ9uk0xfN3mTVYMwt1Ir5mUcSN6pU+V4zQFFaJsclJbPuAUQH+yfWef6tm7l1quW3C8Q=="
    },
    "gitbook-markdown-css": {
      "version": "1.1.0",
      "resolved": "https://registry.npmjs.org/gitbook-markdown-css/-/gitbook-markdown-css-1.1.0.tgz",
      "integrity": "sha1-i7DHp3W7zXXZ11D34SlQtwl1HcQ="
    },
    "gitbook-styleguide": {
      "version": "7.9.3",
      "resolved": "https://registry.npmjs.org/gitbook-styleguide/-/gitbook-styleguide-7.9.3.tgz",
      "integrity": "sha1-b5QoBUjXMEc/oj7Y+mh3keLYC+k=",
      "requires": {
        "classnames": "^2.2.5",
        "gitbook-markdown-css": "1.1.0",
        "moment": "^2.14.1",
        "moment-duration-format": "^1.3.0",
        "octicons": "3.4.1",
        "react-sticky": "^5.0.5",
        "roboto-fontface": "^0.6.0"
      }
    },
    "js-tokens": {
      "version": "4.0.0",
      "resolved": "https://registry.npmjs.org/js-tokens/-/js-tokens-4.0.0.tgz",
      "integrity": "sha512-RdJUflcE3cUzKiMqQgsCu06FPu9UdIJO0beYbPhHN4k6apgJtifcoCtT9bcxOpYBtpD2kCM6Sbzg4CausW/PKQ=="
    },
    "loose-envify": {
      "version": "1.4.0",
      "resolved": "https://registry.npmjs.org/loose-envify/-/loose-envify-1.4.0.tgz",
      "integrity": "sha512-lyuxPGr/Wfhrlem2CL/UcnUc1zcqKAImBDzukY7Y5F/yQiNdko6+fRLevlw1HgMySw7f611UIY408EtxRSoK3Q==",
      "requires": {
        "js-tokens": "^3.0.0 || ^4.0.0"
      }
    },
    "moment": {
      "version": "2.29.1",
      "resolved": "https://registry.npmjs.org/moment/-/moment-2.29.1.tgz",
      "integrity": "sha512-kHmoybcPV8Sqy59DwNDY3Jefr64lK/by/da0ViFcuA4DH0vQg5Q6Ze5VimxkfQNSC+Mls/Kx53s7TjP1RhFEDQ=="
    },
    "moment-duration-format": {
      "version": "1.3.0",
      "resolved": "https://registry.npmjs.org/moment-duration-format/-/moment-duration-format-1.3.0.tgz",
      "integrity": "sha1-VBdxtfh6BJzGVUBHXTrZZnN9aQg="
    },
    "object-assign": {
      "version": "4.1.1",
      "resolved": "https://registry.npmjs.org/object-assign/-/object-assign-4.1.1.tgz",
      "integrity": "sha1-IQmtx5ZYh8/AXLvUQsrIv7s2CGM="
    },
    "octicons": {
      "version": "3.4.1",
      "resolved": "https://registry.npmjs.org/octicons/-/octicons-3.4.1.tgz",
      "integrity": "sha1-BCw+QzoBdiEto/LmGkhn57lVV7E="
    },
    "prop-types": {
      "version": "15.7.2",
      "resolved": "https://registry.npmjs.org/prop-types/-/prop-types-15.7.2.tgz",
      "integrity": "sha512-8QQikdH7//R2vurIJSutZ1smHYTcLpRWEOlHnzcWHmBYrOGUysKwSsrC89BCiFj3CbrfJ/nXFdJepOVrY1GCHQ==",
      "requires": {
        "loose-envify": "^1.4.0",
        "object-assign": "^4.1.1",
        "react-is": "^16.8.1"
      }
    },
    "react-is": {
      "version": "16.13.1",
      "resolved": "https://registry.npmjs.org/react-is/-/react-is-16.13.1.tgz",
      "integrity": "sha512-24e6ynE2H+OKt4kqsOvNd8kBpV65zoxbA4BVsEOB3ARVWQki/DHzaUoC5KuON/BiccDaCCTZBuOcfZs70kR8bQ=="
    },
    "react-sticky": {
      "version": "5.0.8",
      "resolved": "https://registry.npmjs.org/react-sticky/-/react-sticky-5.0.8.tgz",
      "integrity": "sha1-1fhflpd/QQCB15KrgYhsYixdixQ=",
      "requires": {
        "prop-types": "^15.5.8"
      }
    },
    "roboto-fontface": {
      "version": "0.6.1",
      "resolved": "https://registry.npmjs.org/roboto-fontface/-/roboto-fontface-0.6.1.tgz",
      "integrity": "sha1-vVarPtTkovKaG9IPv1+S6eTPNUA="
    }
  }
}
